
Microsoft Visual Studio Solution File, Format Version 12.00
# Visual Studio Version 16
Project("{2150E333-8FDC-42A3-9474-1A3956D46DE8}") = "CMakePredefinedTargets", "CMakePredefinedTargets", "{16BA39A5-BB6A-370A-95BB-C7A701E89ED6}"
EndProject
Project("{2150E333-8FDC-42A3-9474-1A3956D46DE8}") = "GLFW3", "GLFW3", "{A150426B-0A6A-3F9B-9117-2265D131F07B}"
EndProject
Project("{2150E333-8FDC-42A3-9474-1A3956D46DE8}") = "Examples", "GLFW3\Examples", "{7C8D2C54-A61F-31B5-91B1-D7462DF7473A}"
EndProject
Project("{2150E333-8FDC-42A3-9474-1A3956D46DE8}") = "Tests", "GLFW3\Tests", "{A5A94C4B-AF1E-3C46-876F-3EDE938C5151}"
EndProject
Project("{8BC9CEB8-8B4A-11D0-8D11-00A0C91BC942}") = "ALL_BUILD", "ALL_BUILD.vcxproj", "{6F8970AE-5E86-3DDB-973E-C4571385F308}"
	ProjectSection(ProjectDependencies) = postProject
		{32197E10-BECC-3F48-9247-B03B1CA80391} = {32197E10-BECC-3F48-9247-B03B1CA80391}
		{14664876-3FB5-3545-B72F-139F1BD2E7BE} = {14664876-3FB5-3545-B72F-139F1BD2E7BE}
		{7DB0F653-B23A-3802-A1D3-F9497677765C} = {7DB0F653-B23A-3802-A1D3-F9497677765C}
		{B5B7131C-A048-36DA-888F-33345B7BC4A9} = {B5B7131C-A048-36DA-888F-33345B7BC4A9}
		{6CE852B6-33A8-39B1-BA37-E1CCED7C4FBF} = {6CE852B6-33A8-39B1-BA37-E1CCED7C4FBF}
		{163ABF86-8BA8-3DA7-9E66-035482F781D0} = {163ABF86-8BA8-3DA7-9E66-035482F781D0}
		{B372EAEB-E95F-32DD-9162-DB3357AC8F1E} = {B372EAEB-E95F-32DD-9162-DB3357AC8F1E}
		{8D4C5E05-DC2F-300E-B17B-61AF00445669} = {8D4C5E05-DC2F-300E-B17B-61AF00445669}
		{6B4D42F9-3296-3C4B-8C51-2490BFA826EB} = {6B4D42F9-3296-3C4B-8C51-2490BFA826EB}
		{36734CDE-862E-3C86-867A-4F6E4A9B51DD} = {36734CDE-862E-3C86-867A-4F6E4A9B51DD}
		{9815474C-DF52-330F-9C75-FDCF03EE4E8A} = {9815474C-DF52-330F-9C75-FDCF03EE4E8A}
		{3183D0E4-F9C9-33B3-83DC-388CE92807F2} = {3183D0E4-F9C9-33B3-83DC-388CE92807F2}
		{6F884ED2-C6C3-3312-B45B-179F8AE581B6} = {6F884ED2-C6C3-3312-B45B-179F8AE581B6}
		{5C3705E5-0EEB-38B2-87CD-BA73F849C180} = {5C3705E5-0EEB-38B2-87CD-BA73F849C180}
		{1AA67142-B32E-3343-AF32-33AA730D6551} = {1AA67142-B32E-3343-AF32-33AA730D6551}
		{BF5A18CD-6801-3D0D-B01E-897816179767} = {BF5A18CD-6801-3D0D-B01E-897816179767}
		{33F1C372-A62C-3B21-8919-E561FA76A49E} = {33F1C372-A62C-3B21-8919-E561FA76A49E}
		{C0F6D2AF-9EA5-3E0E-BCAF-5117A2A35ABE} = {C0F6D2AF-9EA5-3E0E-BCAF-5117A2A35ABE}
		{93797C8A-7FEF-3028-B3E4-67E63F28C4E8} = {93797C8A-7FEF-3028-B3E4-67E63F28C4E8}
		{6235ECD6-695E-3B1D-9E8C-E8CD32FF5DF1} = {6235ECD6-695E-3B1D-9E8C-E8CD32FF5DF1}
		{FE3AF003-1939-3787-B887-99E725CD773D} = {FE3AF003-1939-3787-B887-99E725CD773D}
		{F66C1972-3DEE-3F04-97A2-7B20AB39401D} = {F66C1972-3DEE-3F04-97A2-7B20AB39401D}
		{C951DD6C-6F8C-3F1B-983F-D65B2BCDFB6F} = {C951DD6C-6F8C-3F1B-983F-D65B2BCDFB6F}
		{641843AC-0B67-3AD0-BDCB-5B2DB3EFF663} = {641843AC-0B67-3AD0-BDCB-5B2DB3EFF663}
		{8C5FF6D8-24AA-3553-B1A6-E77F3C083872} = {8C5FF6D8-24AA-3553-B1A6-E77F3C083872}
		{2B68411C-346B-395C-B310-D28C81C09B2F} = {2B68411C-346B-395C-B310-D28C81C09B2F}
		{CC1012CF-A574-3367-BB81-41D49A1BC094} = {CC1012CF-A574-3367-BB81-41D49A1BC094}
		{03B67CC4-22E4-3D70-92FD-280FACAEC43C} = {03B67CC4-22E4-3D70-92FD-280FACAEC43C}
		{8A1BD8BD-A0E4-3318-B8E1-6176B63DF275} = {8A1BD8BD-A0E4-3318-B8E1-6176B63DF275}
		{F67D9DD4-F4FE-32C8-9623-A7168B0726F5} = {F67D9DD4-F4FE-32C8-9623-A7168B0726F5}
		{AD69EDD9-4EE5-3B55-B97A-9B2582C32866} = {AD69EDD9-4EE5-3B55-B97A-9B2582C32866}
		{D897049D-1783-3D1A-A9A9-D01A0E383E26} = {D897049D-1783-3D1A-A9A9-D01A0E383E26}
		{C4FD1DDF-E580-33F5-B066-ABAE5B1DE3F2} = {C4FD1DDF-E580-33F5-B066-ABAE5B1DE3F2}
		{5569ECC5-CD00-32A7-A0A6-AB069D41A547} = {5569ECC5-CD00-32A7-A0A6-AB069D41A547}
	EndProjectSection
EndProject
Project("{8BC9CEB8-8B4A-11D0-8D11-00A0C91BC942}") = "ANTTWEAKBAR_116_OGLCORE_GLFW", "external\ANTTWEAKBAR_116_OGLCORE_GLFW.vcxproj", "{32197E10-BECC-3F48-9247-B03B1CA80391}"
	ProjectSection(ProjectDependencies) = postProject
		{8D4C5E05-DC2F-300E-B17B-61AF00445669} = {8D4C5E05-DC2F-300E-B17B-61AF00445669}
	EndProjectSection
EndProject
Project("{8BC9CEB8-8B4A-11D0-8D11-00A0C91BC942}") = "BuildingYourOwnOpenglApp", "BuildingYourOwnOpenglApp.vcxproj", "{14664876-3FB5-3545-B72F-139F1BD2E7BE}"
	ProjectSection(ProjectDependencies) = postProject
		{163ABF86-8BA8-3DA7-9E66-035482F781D0} = {163ABF86-8BA8-3DA7-9E66-035482F781D0}
		{8D4C5E05-DC2F-300E-B17B-61AF00445669} = {8D4C5E05-DC2F-300E-B17B-61AF00445669}
		{33F1C372-A62C-3B21-8919-E561FA76A49E} = {33F1C372-A62C-3B21-8919-E561FA76A49E}
	EndProjectSection
EndProject
Project("{8BC9CEB8-8B4A-11D0-8D11-00A0C91BC942}") = "BulletCollision", "external\bullet-2.81-rev2613\src\BulletCollision\BulletCollision.vcxproj", "{7DB0F653-B23A-3802-A1D3-F9497677765C}"
	ProjectSection(ProjectDependencies) = postProject
		{8D4C5E05-DC2F-300E-B17B-61AF00445669} = {8D4C5E05-DC2F-300E-B17B-61AF00445669}
	EndProjectSection
EndProject
Project("{8BC9CEB8-8B4A-11D0-8D11-00A0C91BC942}") = "BulletDynamics", "external\bullet-2.81-rev2613\src\BulletDynamics\BulletDynamics.vcxproj", "{B5B7131C-A048-36DA-888F-33345B7BC4A9}"
	ProjectSection(ProjectDependencies) = postProject
		{8D4C5E05-DC2F-300E-B17B-61AF00445669} = {8D4C5E05-DC2F-300E-B17B-61AF00445669}
	EndProjectSection
EndProject
Project("{8BC9CEB8-8B4A-11D0-8D11-00A0C91BC942}") = "BulletSoftBody", "external\bullet-2.81-rev2613\src\BulletSoftBody\BulletSoftBody.vcxproj", "{6CE852B6-33A8-39B1-BA37-E1CCED7C4FBF}"
	ProjectSection(ProjectDependencies) = postProject
		{8D4C5E05-DC2F-300E-B17B-61AF00445669} = {8D4C5E05-DC2F-300E-B17B-61AF00445669}
	EndProjectSection
EndProject
Project("{8BC9CEB8-8B4A-11D0-8D11-00A0C91BC942}") = "GLEW_1130", "external\GLEW_1130.vcxproj", "{163ABF86-8BA8-3DA7-9E66-035482F781D0}"
	ProjectSection(ProjectDependencies) = postProject
		{8D4C5E05-DC2F-300E-B17B-61AF00445669} = {8D4C5E05-DC2F-300E-B17B-61AF00445669}
	EndProjectSection
EndProject
Project("{8BC9CEB8-8B4A-11D0-8D11-00A0C91BC942}") = "INSTALL", "INSTALL.vcxproj", "{45305EAF-C841-3B33-B5B5-35958FFC6A5A}"
	ProjectSection(ProjectDependencies) = postProject
		{6F8970AE-5E86-3DDB-973E-C4571385F308} = {6F8970AE-5E86-3DDB-973E-C4571385F308}
		{8D4C5E05-DC2F-300E-B17B-61AF00445669} = {8D4C5E05-DC2F-300E-B17B-61AF00445669}
	EndProjectSection
EndProject
Project("{8BC9CEB8-8B4A-11D0-8D11-00A0C91BC942}") = "LinearMath", "external\bullet-2.81-rev2613\src\LinearMath\LinearMath.vcxproj", "{B372EAEB-E95F-32DD-9162-DB3357AC8F1E}"
	ProjectSection(ProjectDependencies) = postProject
		{8D4C5E05-DC2F-300E-B17B-61AF00445669} = {8D4C5E05-DC2F-300E-B17B-61AF00445669}
	EndProjectSection
EndProject
Project("{8BC9CEB8-8B4A-11D0-8D11-00A0C91BC942}") = "ZERO_CHECK", "ZERO_CHECK.vcxproj", "{8D4C5E05-DC2F-300E-B17B-61AF00445669}"
	ProjectSection(ProjectDependencies) = postProject
	EndProjectSection
EndProject
Project("{8BC9CEB8-8B4A-11D0-8D11-00A0C91BC942}") = "assimp", "external\assimp-3.0.1270\code\assimp.vcxproj", "{6B4D42F9-3296-3C4B-8C51-2490BFA826EB}"
	ProjectSection(ProjectDependencies) = postProject
		{8D4C5E05-DC2F-300E-B17B-61AF00445669} = {8D4C5E05-DC2F-300E-B17B-61AF00445669}
		{5569ECC5-CD00-32A7-A0A6-AB069D41A547} = {5569ECC5-CD00-32A7-A0A6-AB069D41A547}
	EndProjectSection
EndProject
Project("{8BC9CEB8-8B4A-11D0-8D11-00A0C91BC942}") = "boing", "external\glfw-3.1.2\examples\boing.vcxproj", "{36734CDE-862E-3C86-867A-4F6E4A9B51DD}"
	ProjectSection(ProjectDependencies) = postProject
		{8D4C5E05-DC2F-300E-B17B-61AF00445669} = {8D4C5E05-DC2F-300E-B17B-61AF00445669}
		{33F1C372-A62C-3B21-8919-E561FA76A49E} = {33F1C372-A62C-3B21-8919-E561FA76A49E}
	EndProjectSection
EndProject
Project("{8BC9CEB8-8B4A-11D0-8D11-00A0C91BC942}") = "clipboard", "external\glfw-3.1.2\tests\clipboard.vcxproj", "{9815474C-DF52-330F-9C75-FDCF03EE4E8A}"
	ProjectSection(ProjectDependencies) = postProject
		{8D4C5E05-DC2F-300E-B17B-61AF00445669} = {8D4C5E05-DC2F-300E-B17B-61AF00445669}
		{33F1C372-A62C-3B21-8919-E561FA76A49E} = {33F1C372-A62C-3B21-8919-E561FA76A49E}
	EndProjectSection
EndProject
Project("{8BC9CEB8-8B4A-11D0-8D11-00A0C91BC942}") = "cursor", "external\glfw-3.1.2\tests\cursor.vcxproj", "{3183D0E4-F9C9-33B3-83DC-388CE92807F2}"
	ProjectSection(ProjectDependencies) = postProject
		{8D4C5E05-DC2F-300E-B17B-61AF00445669} = {8D4C5E05-DC2F-300E-B17B-61AF00445669}
		{33F1C372-A62C-3B21-8919-E561FA76A49E} = {33F1C372-A62C-3B21-8919-E561FA76A49E}
	EndProjectSection
EndProject
Project("{8BC9CEB8-8B4A-11D0-8D11-00A0C91BC942}") = "empty", "external\glfw-3.1.2\tests\empty.vcxproj", "{6F884ED2-C6C3-3312-B45B-179F8AE581B6}"
	ProjectSection(ProjectDependencies) = postProject
		{8D4C5E05-DC2F-300E-B17B-61AF00445669} = {8D4C5E05-DC2F-300E-B17B-61AF00445669}
		{33F1C372-A62C-3B21-8919-E561FA76A49E} = {33F1C372-A62C-3B21-8919-E561FA76A49E}
	EndProjectSection
EndProject
Project("{8BC9CEB8-8B4A-11D0-8D11-00A0C91BC942}") = "events", "external\glfw-3.1.2\tests\events.vcxproj", "{5C3705E5-0EEB-38B2-87CD-BA73F849C180}"
	ProjectSection(ProjectDependencies) = postProject
		{8D4C5E05-DC2F-300E-B17B-61AF00445669} = {8D4C5E05-DC2F-300E-B17B-61AF00445669}
		{33F1C372-A62C-3B21-8919-E561FA76A49E} = {33F1C372-A62C-3B21-8919-E561FA76A49E}
	EndProjectSection
EndProject
Project("{8BC9CEB8-8B4A-11D0-8D11-00A0C91BC942}") = "gamma", "external\glfw-3.1.2\tests\gamma.vcxproj", "{1AA67142-B32E-3343-AF32-33AA730D6551}"
	ProjectSection(ProjectDependencies) = postProject
		{8D4C5E05-DC2F-300E-B17B-61AF00445669} = {8D4C5E05-DC2F-300E-B17B-61AF00445669}
		{33F1C372-A62C-3B21-8919-E561FA76A49E} = {33F1C372-A62C-3B21-8919-E561FA76A49E}
	EndProjectSection
EndProject
Project("{8BC9CEB8-8B4A-11D0-8D11-00A0C91BC942}") = "gears", "external\glfw-3.1.2\examples\gears.vcxproj", "{BF5A18CD-6801-3D0D-B01E-897816179767}"
	ProjectSection(ProjectDependencies) = postProject
		{8D4C5E05-DC2F-300E-B17B-61AF00445669} = {8D4C5E05-DC2F-300E-B17B-61AF00445669}
		{33F1C372-A62C-3B21-8919-E561FA76A49E} = {33F1C372-A62C-3B21-8919-E561FA76A49E}
	EndProjectSection
EndProject
Project("{8BC9CEB8-8B4A-11D0-8D11-00A0C91BC942}") = "glfw", "external\glfw-3.1.2\src\glfw.vcxproj", "{33F1C372-A62C-3B21-8919-E561FA76A49E}"
	ProjectSection(ProjectDependencies) = postProject
		{8D4C5E05-DC2F-300E-B17B-61AF00445669} = {8D4C5E05-DC2F-300E-B17B-61AF00445669}
	EndProjectSection
EndProject
Project("{8BC9CEB8-8B4A-11D0-8D11-00A0C91BC942}") = "glfwinfo", "external\glfw-3.1.2\tests\glfwinfo.vcxproj", "{C0F6D2AF-9EA5-3E0E-BCAF-5117A2A35ABE}"
	ProjectSection(ProjectDependencies) = postProject
		{8D4C5E05-DC2F-300E-B17B-61AF00445669} = {8D4C5E05-DC2F-300E-B17B-61AF00445669}
		{33F1C372-A62C-3B21-8919-E561FA76A49E} = {33F1C372-A62C-3B21-8919-E561FA76A49E}
	EndProjectSection
EndProject
Project("{8BC9CEB8-8B4A-11D0-8D11-00A0C91BC942}") = "heightmap", "external\glfw-3.1.2\examples\heightmap.vcxproj", "{93797C8A-7FEF-3028-B3E4-67E63F28C4E8}"
	ProjectSection(ProjectDependencies) = postProject
		{8D4C5E05-DC2F-300E-B17B-61AF00445669} = {8D4C5E05-DC2F-300E-B17B-61AF00445669}
		{33F1C372-A62C-3B21-8919-E561FA76A49E} = {33F1C372-A62C-3B21-8919-E561FA76A49E}
	EndProjectSection
EndProject
Project("{8BC9CEB8-8B4A-11D0-8D11-00A0C91BC942}") = "iconify", "external\glfw-3.1.2\tests\iconify.vcxproj", "{6235ECD6-695E-3B1D-9E8C-E8CD32FF5DF1}"
	ProjectSection(ProjectDependencies) = postProject
		{8D4C5E05-DC2F-300E-B17B-61AF00445669} = {8D4C5E05-DC2F-300E-B17B-61AF00445669}
		{33F1C372-A62C-3B21-8919-E561FA76A49E} = {33F1C372-A62C-3B21-8919-E561FA76A49E}
	EndProjectSection
EndProject
Project("{8BC9CEB8-8B4A-11D0-8D11-00A0C91BC942}") = "joysticks", "external\glfw-3.1.2\tests\joysticks.vcxproj", "{FE3AF003-1939-3787-B887-99E725CD773D}"
	ProjectSection(ProjectDependencies) = postProject
		{8D4C5E05-DC2F-300E-B17B-61AF00445669} = {8D4C5E05-DC2F-300E-B17B-61AF00445669}
		{33F1C372-A62C-3B21-8919-E561FA76A49E} = {33F1C372-A62C-3B21-8919-E561FA76A49E}
	EndProjectSection
EndProject
Project("{8BC9CEB8-8B4A-11D0-8D11-00A0C91BC942}") = "monitors", "external\glfw-3.1.2\tests\monitors.vcxproj", "{F66C1972-3DEE-3F04-97A2-7B20AB39401D}"
	ProjectSection(ProjectDependencies) = postProject
		{8D4C5E05-DC2F-300E-B17B-61AF00445669} = {8D4C5E05-DC2F-300E-B17B-61AF00445669}
		{33F1C372-A62C-3B21-8919-E561FA76A49E} = {33F1C372-A62C-3B21-8919-E561FA76A49E}
	EndProjectSection
EndProject
Project("{8BC9CEB8-8B4A-11D0-8D11-00A0C91BC942}") = "msaa", "external\glfw-3.1.2\tests\msaa.vcxproj", "{C951DD6C-6F8C-3F1B-983F-D65B2BCDFB6F}"
	ProjectSection(ProjectDependencies) = postProject
		{8D4C5E05-DC2F-300E-B17B-61AF00445669} = {8D4C5E05-DC2F-300E-B17B-61AF00445669}
		{33F1C372-A62C-3B21-8919-E561FA76A49E} = {33F1C372-A62C-3B21-8919-E561FA76A49E}
	EndProjectSection
EndProject
Project("{8BC9CEB8-8B4A-11D0-8D11-00A0C91BC942}") = "particles", "external\glfw-3.1.2\examples\particles.vcxproj", "{641843AC-0B67-3AD0-BDCB-5B2DB3EFF663}"
	ProjectSection(ProjectDependencies) = postProject
		{8D4C5E05-DC2F-300E-B17B-61AF00445669} = {8D4C5E05-DC2F-300E-B17B-61AF00445669}
		{33F1C372-A62C-3B21-8919-E561FA76A49E} = {33F1C372-A62C-3B21-8919-E561FA76A49E}
	EndProjectSection
EndProject
Project("{8BC9CEB8-8B4A-11D0-8D11-00A0C91BC942}") = "reopen", "external\glfw-3.1.2\tests\reopen.vcxproj", "{8C5FF6D8-24AA-3553-B1A6-E77F3C083872}"
	ProjectSection(ProjectDependencies) = postProject
		{8D4C5E05-DC2F-300E-B17B-61AF00445669} = {8D4C5E05-DC2F-300E-B17B-61AF00445669}
		{33F1C372-A62C-3B21-8919-E561FA76A49E} = {33F1C372-A62C-3B21-8919-E561FA76A49E}
	EndProjectSection
EndProject
Project("{8BC9CEB8-8B4A-11D0-8D11-00A0C91BC942}") = "sharing", "external\glfw-3.1.2\tests\sharing.vcxproj", "{2B68411C-346B-395C-B310-D28C81C09B2F}"
	ProjectSection(ProjectDependencies) = postProject
		{8D4C5E05-DC2F-300E-B17B-61AF00445669} = {8D4C5E05-DC2F-300E-B17B-61AF00445669}
		{33F1C372-A62C-3B21-8919-E561FA76A49E} = {33F1C372-A62C-3B21-8919-E561FA76A49E}
	EndProjectSection
EndProject
Project("{8BC9CEB8-8B4A-11D0-8D11-00A0C91BC942}") = "simple", "external\glfw-3.1.2\examples\simple.vcxproj", "{CC1012CF-A574-3367-BB81-41D49A1BC094}"
	ProjectSection(ProjectDependencies) = postProject
		{8D4C5E05-DC2F-300E-B17B-61AF00445669} = {8D4C5E05-DC2F-300E-B17B-61AF00445669}
		{33F1C372-A62C-3B21-8919-E561FA76A49E} = {33F1C372-A62C-3B21-8919-E561FA76A49E}
	EndProjectSection
EndProject
Project("{8BC9CEB8-8B4A-11D0-8D11-00A0C91BC942}") = "splitview", "external\glfw-3.1.2\examples\splitview.vcxproj", "{03B67CC4-22E4-3D70-92FD-280FACAEC43C}"
	ProjectSection(ProjectDependencies) = postProject
		{8D4C5E05-DC2F-300E-B17B-61AF00445669} = {8D4C5E05-DC2F-300E-B17B-61AF00445669}
		{33F1C372-A62C-3B21-8919-E561FA76A49E} = {33F1C372-A62C-3B21-8919-E561FA76A49E}
	EndProjectSection
EndProject
Project("{8BC9CEB8-8B4A-11D0-8D11-00A0C91BC942}") = "tearing", "external\glfw-3.1.2\tests\tearing.vcxproj", "{8A1BD8BD-A0E4-3318-B8E1-6176B63DF275}"
	ProjectSection(ProjectDependencies) = postProject
		{8D4C5E05-DC2F-300E-B17B-61AF00445669} = {8D4C5E05-DC2F-300E-B17B-61AF00445669}
		{33F1C372-A62C-3B21-8919-E561FA76A49E} = {33F1C372-A62C-3B21-8919-E561FA76A49E}
	EndProjectSection
EndProject
Project("{8BC9CEB8-8B4A-11D0-8D11-00A0C91BC942}") = "threads", "external\glfw-3.1.2\tests\threads.vcxproj", "{F67D9DD4-F4FE-32C8-9623-A7168B0726F5}"
	ProjectSection(ProjectDependencies) = postProject
		{8D4C5E05-DC2F-300E-B17B-61AF00445669} = {8D4C5E05-DC2F-300E-B17B-61AF00445669}
		{33F1C372-A62C-3B21-8919-E561FA76A49E} = {33F1C372-A62C-3B21-8919-E561FA76A49E}
	EndProjectSection
EndProject
Project("{8BC9CEB8-8B4A-11D0-8D11-00A0C91BC942}") = "title", "external\glfw-3.1.2\tests\title.vcxproj", "{AD69EDD9-4EE5-3B55-B97A-9B2582C32866}"
	ProjectSection(ProjectDependencies) = postProject
		{8D4C5E05-DC2F-300E-B17B-61AF00445669} = {8D4C5E05-DC2F-300E-B17B-61AF00445669}
		{33F1C372-A62C-3B21-8919-E561FA76A49E} = {33F1C372-A62C-3B21-8919-E561FA76A49E}
	EndProjectSection
EndProject
Project("{8BC9CEB8-8B4A-11D0-8D11-00A0C91BC942}") = "uninstall", "external\glfw-3.1.2\uninstall.vcxproj", "{33A81D2B-ABEF-36A8-8438-AE0E94A1FAD2}"
	ProjectSection(ProjectDependencies) = postProject
		{8D4C5E05-DC2F-300E-B17B-61AF00445669} = {8D4C5E05-DC2F-300E-B17B-61AF00445669}
	EndProjectSection
EndProject
Project("{8BC9CEB8-8B4A-11D0-8D11-00A0C91BC942}") = "wave", "external\glfw-3.1.2\examples\wave.vcxproj", "{D897049D-1783-3D1A-A9A9-D01A0E383E26}"
	ProjectSection(ProjectDependencies) = postProject
		{8D4C5E05-DC2F-300E-B17B-61AF00445669} = {8D4C5E05-DC2F-300E-B17B-61AF00445669}
		{33F1C372-A62C-3B21-8919-E561FA76A49E} = {33F1C372-A62C-3B21-8919-E561FA76A49E}
	EndProjectSection
EndProject
Project("{8BC9CEB8-8B4A-11D0-8D11-00A0C91BC942}") = "windows", "external\glfw-3.1.2\tests\windows.vcxproj", "{C4FD1DDF-E580-33F5-B066-ABAE5B1DE3F2}"
	ProjectSection(ProjectDependencies) = postProject
		{8D4C5E05-DC2F-300E-B17B-61AF00445669} = {8D4C5E05-DC2F-300E-B17B-61AF00445669}
		{33F1C372-A62C-3B21-8919-E561FA76A49E} = {33F1C372-A62C-3B21-8919-E561FA76A49E}
	EndProjectSection
EndProject
Project("{8BC9CEB8-8B4A-11D0-8D11-00A0C91BC942}") = "zlib", "external\assimp-3.0.1270\contrib\zlib\zlib.vcxproj", "{5569ECC5-CD00-32A7-A0A6-AB069D41A547}"
	ProjectSection(ProjectDependencies) = postProject
		{8D4C5E05-DC2F-300E-B17B-61AF00445669} = {8D4C5E05-DC2F-300E-B17B-61AF00445669}
	EndProjectSection
EndProject
Global
	GlobalSection(SolutionConfigurationPlatforms) = preSolution
		Debug|x64 = Debug|x64
		Release|x64 = Release|x64
		MinSizeRel|x64 = MinSizeRel|x64
		RelWithDebInfo|x64 = RelWithDebInfo|x64
	EndGlobalSection
	GlobalSection(ProjectConfigurationPlatforms) = postSolution
		{6F8970AE-5E86-3DDB-973E-C4571385F308}.Debug|x64.ActiveCfg = Debug|x64
		{6F8970AE-5E86-3DDB-973E-C4571385F308}.Debug|x64.Build.0 = Debug|x64
		{6F8970AE-5E86-3DDB-973E-C4571385F308}.Release|x64.ActiveCfg = Release|x64
		{6F8970AE-5E86-3DDB-973E-C4571385F308}.Release|x64.Build.0 = Release|x64
		{6F8970AE-5E86-3DDB-973E-C4571385F308}.MinSizeRel|x64.ActiveCfg = MinSizeRel|x64
		{6F8970AE-5E86-3DDB-973E-C4571385F308}.MinSizeRel|x64.Build.0 = MinSizeRel|x64
		{6F8970AE-5E86-3DDB-973E-C4571385F308}.RelWithDebInfo|x64.ActiveCfg = RelWithDebInfo|x64
		{6F8970AE-5E86-3DDB-973E-C4571385F308}.RelWithDebInfo|x64.Build.0 = RelWithDebInfo|x64
		{32197E10-BECC-3F48-9247-B03B1CA80391}.Debug|x64.ActiveCfg = Debug|x64
		{32197E10-BECC-3F48-9247-B03B1CA80391}.Debug|x64.Build.0 = Debug|x64
		{32197E10-BECC-3F48-9247-B03B1CA80391}.Release|x64.ActiveCfg = Release|x64
		{32197E10-BECC-3F48-9247-B03B1CA80391}.Release|x64.Build.0 = Release|x64
		{32197E10-BECC-3F48-9247-B03B1CA80391}.MinSizeRel|x64.ActiveCfg = MinSizeRel|x64
		{32197E10-BECC-3F48-9247-B03B1CA80391}.MinSizeRel|x64.Build.0 = MinSizeRel|x64
		{32197E10-BECC-3F48-9247-B03B1CA80391}.RelWithDebInfo|x64.ActiveCfg = RelWithDebInfo|x64
		{32197E10-BECC-3F48-9247-B03B1CA80391}.RelWithDebInfo|x64.Build.0 = RelWithDebInfo|x64
		{14664876-3FB5-3545-B72F-139F1BD2E7BE}.Debug|x64.ActiveCfg = Debug|x64
		{14664876-3FB5-3545-B72F-139F1BD2E7BE}.Debug|x64.Build.0 = Debug|x64
		{14664876-3FB5-3545-B72F-139F1BD2E7BE}.Release|x64.ActiveCfg = Release|x64
		{14664876-3FB5-3545-B72F-139F1BD2E7BE}.Release|x64.Build.0 = Release|x64
		{14664876-3FB5-3545-B72F-139F1BD2E7BE}.MinSizeRel|x64.ActiveCfg = MinSizeRel|x64
		{14664876-3FB5-3545-B72F-139F1BD2E7BE}.MinSizeRel|x64.Build.0 = MinSizeRel|x64
		{14664876-3FB5-3545-B72F-139F1BD2E7BE}.RelWithDebInfo|x64.ActiveCfg = RelWithDebInfo|x64
		{14664876-3FB5-3545-B72F-139F1BD2E7BE}.RelWithDebInfo|x64.Build.0 = RelWithDebInfo|x64
		{7DB0F653-B23A-3802-A1D3-F9497677765C}.Debug|x64.ActiveCfg = Debug|x64
		{7DB0F653-B23A-3802-A1D3-F9497677765C}.Debug|x64.Build.0 = Debug|x64
		{7DB0F653-B23A-3802-A1D3-F9497677765C}.Release|x64.ActiveCfg = Release|x64
		{7DB0F653-B23A-3802-A1D3-F9497677765C}.Release|x64.Build.0 = Release|x64
		{7DB0F653-B23A-3802-A1D3-F9497677765C}.MinSizeRel|x64.ActiveCfg = MinSizeRel|x64
		{7DB0F653-B23A-3802-A1D3-F9497677765C}.MinSizeRel|x64.Build.0 = MinSizeRel|x64
		{7DB0F653-B23A-3802-A1D3-F9497677765C}.RelWithDebInfo|x64.ActiveCfg = RelWithDebInfo|x64
		{7DB0F653-B23A-3802-A1D3-F9497677765C}.RelWithDebInfo|x64.Build.0 = RelWithDebInfo|x64
		{B5B7131C-A048-36DA-888F-33345B7BC4A9}.Debug|x64.ActiveCfg = Debug|x64
		{B5B7131C-A048-36DA-888F-33345B7BC4A9}.Debug|x64.Build.0 = Debug|x64
		{B5B7131C-A048-36DA-888F-33345B7BC4A9}.Release|x64.ActiveCfg = Release|x64
		{B5B7131C-A048-36DA-888F-33345B7BC4A9}.Release|x64.Build.0 = Release|x64
		{B5B7131C-A048-36DA-888F-33345B7BC4A9}.MinSizeRel|x64.ActiveCfg = MinSizeRel|x64
		{B5B7131C-A048-36DA-888F-33345B7BC4A9}.MinSizeRel|x64.Build.0 = MinSizeRel|x64
		{B5B7131C-A048-36DA-888F-33345B7BC4A9}.RelWithDebInfo|x64.ActiveCfg = RelWithDebInfo|x64
		{B5B7131C-A048-36DA-888F-33345B7BC4A9}.RelWithDebInfo|x64.Build.0 = RelWithDebInfo|x64
		{6CE852B6-33A8-39B1-BA37-E1CCED7C4FBF}.Debug|x64.ActiveCfg = Debug|x64
		{6CE852B6-33A8-39B1-BA37-E1CCED7C4FBF}.Debug|x64.Build.0 = Debug|x64
		{6CE852B6-33A8-39B1-BA37-E1CCED7C4FBF}.Release|x64.ActiveCfg = Release|x64
		{6CE852B6-33A8-39B1-BA37-E1CCED7C4FBF}.Release|x64.Build.0 = Release|x64
		{6CE852B6-33A8-39B1-BA37-E1CCED7C4FBF}.MinSizeRel|x64.ActiveCfg = MinSizeRel|x64
		{6CE852B6-33A8-39B1-BA37-E1CCED7C4FBF}.MinSizeRel|x64.Build.0 = MinSizeRel|x64
		{6CE852B6-33A8-39B1-BA37-E1CCED7C4FBF}.RelWithDebInfo|x64.ActiveCfg = RelWithDebInfo|x64
		{6CE852B6-33A8-39B1-BA37-E1CCED7C4FBF}.RelWithDebInfo|x64.Build.0 = RelWithDebInfo|x64
		{163ABF86-8BA8-3DA7-9E66-035482F781D0}.Debug|x64.ActiveCfg = Debug|x64
		{163ABF86-8BA8-3DA7-9E66-035482F781D0}.Debug|x64.Build.0 = Debug|x64
		{163ABF86-8BA8-3DA7-9E66-035482F781D0}.Release|x64.ActiveCfg = Release|x64
		{163ABF86-8BA8-3DA7-9E66-035482F781D0}.Release|x64.Build.0 = Release|x64
		{163ABF86-8BA8-3DA7-9E66-035482F781D0}.MinSizeRel|x64.ActiveCfg = MinSizeRel|x64
		{163ABF86-8BA8-3DA7-9E66-035482F781D0}.MinSizeRel|x64.Build.0 = MinSizeRel|x64
		{163ABF86-8BA8-3DA7-9E66-035482F781D0}.RelWithDebInfo|x64.ActiveCfg = RelWithDebInfo|x64
		{163ABF86-8BA8-3DA7-9E66-035482F781D0}.RelWithDebInfo|x64.Build.0 = RelWithDebInfo|x64
		{45305EAF-C841-3B33-B5B5-35958FFC6A5A}.Debug|x64.ActiveCfg = Debug|x64
		{45305EAF-C841-3B33-B5B5-35958FFC6A5A}.Release|x64.ActiveCfg = Release|x64
		{45305EAF-C841-3B33-B5B5-35958FFC6A5A}.MinSizeRel|x64.ActiveCfg = MinSizeRel|x64
		{45305EAF-C841-3B33-B5B5-35958FFC6A5A}.RelWithDebInfo|x64.ActiveCfg = RelWithDebInfo|x64
		{B372EAEB-E95F-32DD-9162-DB3357AC8F1E}.Debug|x64.ActiveCfg = Debug|x64
		{B372EAEB-E95F-32DD-9162-DB3357AC8F1E}.Debug|x64.Build.0 = Debug|x64
		{B372EAEB-E95F-32DD-9162-DB3357AC8F1E}.Release|x64.ActiveCfg = Release|x64
		{B372EAEB-E95F-32DD-9162-DB3357AC8F1E}.Release|x64.Build.0 = Release|x64
		{B372EAEB-E95F-32DD-9162-DB3357AC8F1E}.MinSizeRel|x64.ActiveCfg = MinSizeRel|x64
		{B372EAEB-E95F-32DD-9162-DB3357AC8F1E}.MinSizeRel|x64.Build.0 = MinSizeRel|x64
		{B372EAEB-E95F-32DD-9162-DB3357AC8F1E}.RelWithDebInfo|x64.ActiveCfg = RelWithDebInfo|x64
		{B372EAEB-E95F-32DD-9162-DB3357AC8F1E}.RelWithDebInfo|x64.Build.0 = RelWithDebInfo|x64
		{8D4C5E05-DC2F-300E-B17B-61AF00445669}.Debug|x64.ActiveCfg = Debug|x64
		{8D4C5E05-DC2F-300E-B17B-61AF00445669}.Debug|x64.Build.0 = Debug|x64
		{8D4C5E05-DC2F-300E-B17B-61AF00445669}.Release|x64.ActiveCfg = Release|x64
		{8D4C5E05-DC2F-300E-B17B-61AF00445669}.Release|x64.Build.0 = Release|x64
		{8D4C5E05-DC2F-300E-B17B-61AF00445669}.MinSizeRel|x64.ActiveCfg = MinSizeRel|x64
		{8D4C5E05-DC2F-300E-B17B-61AF00445669}.MinSizeRel|x64.Build.0 = MinSizeRel|x64
		{8D4C5E05-DC2F-300E-B17B-61AF00445669}.RelWithDebInfo|x64.ActiveCfg = RelWithDebInfo|x64
		{8D4C5E05-DC2F-300E-B17B-61AF00445669}.RelWithDebInfo|x64.Build.0 = RelWithDebInfo|x64
		{6B4D42F9-3296-3C4B-8C51-2490BFA826EB}.Debug|x64.ActiveCfg = Debug|x64
		{6B4D42F9-3296-3C4B-8C51-2490BFA826EB}.Debug|x64.Build.0 = Debug|x64
		{6B4D42F9-3296-3C4B-8C51-2490BFA826EB}.Release|x64.ActiveCfg = Release|x64
		{6B4D42F9-3296-3C4B-8C51-2490BFA826EB}.Release|x64.Build.0 = Release|x64
		{6B4D42F9-3296-3C4B-8C51-2490BFA826EB}.MinSizeRel|x64.ActiveCfg = MinSizeRel|x64
		{6B4D42F9-3296-3C4B-8C51-2490BFA826EB}.MinSizeRel|x64.Build.0 = MinSizeRel|x64
		{6B4D42F9-3296-3C4B-8C51-2490BFA826EB}.RelWithDebInfo|x64.ActiveCfg = RelWithDebInfo|x64
		{6B4D42F9-3296-3C4B-8C51-2490BFA826EB}.RelWithDebInfo|x64.Build.0 = RelWithDebInfo|x64
		{36734CDE-862E-3C86-867A-4F6E4A9B51DD}.Debug|x64.ActiveCfg = Debug|x64
		{36734CDE-862E-3C86-867A-4F6E4A9B51DD}.Debug|x64.Build.0 = Debug|x64
		{36734CDE-862E-3C86-867A-4F6E4A9B51DD}.Release|x64.ActiveCfg = Release|x64
		{36734CDE-862E-3C86-867A-4F6E4A9B51DD}.Release|x64.Build.0 = Release|x64
		{36734CDE-862E-3C86-867A-4F6E4A9B51DD}.MinSizeRel|x64.ActiveCfg = MinSizeRel|x64
		{36734CDE-862E-3C86-867A-4F6E4A9B51DD}.MinSizeRel|x64.Build.0 = MinSizeRel|x64
		{36734CDE-862E-3C86-867A-4F6E4A9B51DD}.RelWithDebInfo|x64.ActiveCfg = RelWithDebInfo|x64
		{36734CDE-862E-3C86-867A-4F6E4A9B51DD}.RelWithDebInfo|x64.Build.0 = RelWithDebInfo|x64
		{9815474C-DF52-330F-9C75-FDCF03EE4E8A}.Debug|x64.ActiveCfg = Debug|x64
		{9815474C-DF52-330F-9C75-FDCF03EE4E8A}.Debug|x64.Build.0 = Debug|x64
		{9815474C-DF52-330F-9C75-FDCF03EE4E8A}.Release|x64.ActiveCfg = Release|x64
		{9815474C-DF52-330F-9C75-FDCF03EE4E8A}.Release|x64.Build.0 = Release|x64
		{9815474C-DF52-330F-9C75-FDCF03EE4E8A}.MinSizeRel|x64.ActiveCfg = MinSizeRel|x64
		{9815474C-DF52-330F-9C75-FDCF03EE4E8A}.MinSizeRel|x64.Build.0 = MinSizeRel|x64
		{9815474C-DF52-330F-9C75-FDCF03EE4E8A}.RelWithDebInfo|x64.ActiveCfg = RelWithDebInfo|x64
		{9815474C-DF52-330F-9C75-FDCF03EE4E8A}.RelWithDebInfo|x64.Build.0 = RelWithDebInfo|x64
		{3183D0E4-F9C9-33B3-83DC-388CE92807F2}.Debug|x64.ActiveCfg = Debug|x64
		{3183D0E4-F9C9-33B3-83DC-388CE92807F2}.Debug|x64.Build.0 = Debug|x64
		{3183D0E4-F9C9-33B3-83DC-388CE92807F2}.Release|x64.ActiveCfg = Release|x64
		{3183D0E4-F9C9-33B3-83DC-388CE92807F2}.Release|x64.Build.0 = Release|x64
		{3183D0E4-F9C9-33B3-83DC-388CE92807F2}.MinSizeRel|x64.ActiveCfg = MinSizeRel|x64
		{3183D0E4-F9C9-33B3-83DC-388CE92807F2}.MinSizeRel|x64.Build.0 = MinSizeRel|x64
		{3183D0E4-F9C9-33B3-83DC-388CE92807F2}.RelWithDebInfo|x64.ActiveCfg = RelWithDebInfo|x64
		{3183D0E4-F9C9-33B3-83DC-388CE92807F2}.RelWithDebInfo|x64.Build.0 = RelWithDebInfo|x64
		{6F884ED2-C6C3-3312-B45B-179F8AE581B6}.Debug|x64.ActiveCfg = Debug|x64
		{6F884ED2-C6C3-3312-B45B-179F8AE581B6}.Debug|x64.Build.0 = Debug|x64
		{6F884ED2-C6C3-3312-B45B-179F8AE581B6}.Release|x64.ActiveCfg = Release|x64
		{6F884ED2-C6C3-3312-B45B-179F8AE581B6}.Release|x64.Build.0 = Release|x64
		{6F884ED2-C6C3-3312-B45B-179F8AE581B6}.MinSizeRel|x64.ActiveCfg = MinSizeRel|x64
		{6F884ED2-C6C3-3312-B45B-179F8AE581B6}.MinSizeRel|x64.Build.0 = MinSizeRel|x64
		{6F884ED2-C6C3-3312-B45B-179F8AE581B6}.RelWithDebInfo|x64.ActiveCfg = RelWithDebInfo|x64
		{6F884ED2-C6C3-3312-B45B-179F8AE581B6}.RelWithDebInfo|x64.Build.0 = RelWithDebInfo|x64
		{5C3705E5-0EEB-38B2-87CD-BA73F849C180}.Debug|x64.ActiveCfg = Debug|x64
		{5C3705E5-0EEB-38B2-87CD-BA73F849C180}.Debug|x64.Build.0 = Debug|x64
		{5C3705E5-0EEB-38B2-87CD-BA73F849C180}.Release|x64.ActiveCfg = Release|x64
		{5C3705E5-0EEB-38B2-87CD-BA73F849C180}.Release|x64.Build.0 = Release|x64
		{5C3705E5-0EEB-38B2-87CD-BA73F849C180}.MinSizeRel|x64.ActiveCfg = MinSizeRel|x64
		{5C3705E5-0EEB-38B2-87CD-BA73F849C180}.MinSizeRel|x64.Build.0 = MinSizeRel|x64
		{5C3705E5-0EEB-38B2-87CD-BA73F849C180}.RelWithDebInfo|x64.ActiveCfg = RelWithDebInfo|x64
		{5C3705E5-0EEB-38B2-87CD-BA73F849C180}.RelWithDebInfo|x64.Build.0 = RelWithDebInfo|x64
		{1AA67142-B32E-3343-AF32-33AA730D6551}.Debug|x64.ActiveCfg = Debug|x64
		{1AA67142-B32E-3343-AF32-33AA730D6551}.Debug|x64.Build.0 = Debug|x64
		{1AA67142-B32E-3343-AF32-33AA730D6551}.Release|x64.ActiveCfg = Release|x64
		{1AA67142-B32E-3343-AF32-33AA730D6551}.Release|x64.Build.0 = Release|x64
		{1AA67142-B32E-3343-AF32-33AA730D6551}.MinSizeRel|x64.ActiveCfg = MinSizeRel|x64
		{1AA67142-B32E-3343-AF32-33AA730D6551}.MinSizeRel|x64.Build.0 = MinSizeRel|x64
		{1AA67142-B32E-3343-AF32-33AA730D6551}.RelWithDebInfo|x64.ActiveCfg = RelWithDebInfo|x64
		{1AA67142-B32E-3343-AF32-33AA730D6551}.RelWithDebInfo|x64.Build.0 = RelWithDebInfo|x64
		{BF5A18CD-6801-3D0D-B01E-897816179767}.Debug|x64.ActiveCfg = Debug|x64
		{BF5A18CD-6801-3D0D-B01E-897816179767}.Debug|x64.Build.0 = Debug|x64
		{BF5A18CD-6801-3D0D-B01E-897816179767}.Release|x64.ActiveCfg = Release|x64
		{BF5A18CD-6801-3D0D-B01E-897816179767}.Release|x64.Build.0 = Release|x64
		{BF5A18CD-6801-3D0D-B01E-897816179767}.MinSizeRel|x64.ActiveCfg = MinSizeRel|x64
		{BF5A18CD-6801-3D0D-B01E-897816179767}.MinSizeRel|x64.Build.0 = MinSizeRel|x64
		{BF5A18CD-6801-3D0D-B01E-897816179767}.RelWithDebInfo|x64.ActiveCfg = RelWithDebInfo|x64
		{BF5A18CD-6801-3D0D-B01E-897816179767}.RelWithDebInfo|x64.Build.0 = RelWithDebInfo|x64
		{33F1C372-A62C-3B21-8919-E561FA76A49E}.Debug|x64.ActiveCfg = Debug|x64
		{33F1C372-A62C-3B21-8919-E561FA76A49E}.Debug|x64.Build.0 = Debug|x64
		{33F1C372-A62C-3B21-8919-E561FA76A49E}.Release|x64.ActiveCfg = Release|x64
		{33F1C372-A62C-3B21-8919-E561FA76A49E}.Release|x64.Build.0 = Release|x64
		{33F1C372-A62C-3B21-8919-E561FA76A49E}.MinSizeRel|x64.ActiveCfg = MinSizeRel|x64
		{33F1C372-A62C-3B21-8919-E561FA76A49E}.MinSizeRel|x64.Build.0 = MinSizeRel|x64
		{33F1C372-A62C-3B21-8919-E561FA76A49E}.RelWithDebInfo|x64.ActiveCfg = RelWithDebInfo|x64
		{33F1C372-A62C-3B21-8919-E561FA76A49E}.RelWithDebInfo|x64.Build.0 = RelWithDebInfo|x64
		{C0F6D2AF-9EA5-3E0E-BCAF-5117A2A35ABE}.Debug|x64.ActiveCfg = Debug|x64
		{C0F6D2AF-9EA5-3E0E-BCAF-5117A2A35ABE}.Debug|x64.Build.0 = Debug|x64
		{C0F6D2AF-9EA5-3E0E-BCAF-5117A2A35ABE}.Release|x64.ActiveCfg = Release|x64
		{C0F6D2AF-9EA5-3E0E-BCAF-5117A2A35ABE}.Release|x64.Build.0 = Release|x64
		{C0F6D2AF-9EA5-3E0E-BCAF-5117A2A35ABE}.MinSizeRel|x64.ActiveCfg = MinSizeRel|x64
		{C0F6D2AF-9EA5-3E0E-BCAF-5117A2A35ABE}.MinSizeRel|x64.Build.0 = MinSizeRel|x64
		{C0F6D2AF-9EA5-3E0E-BCAF-5117A2A35ABE}.RelWithDebInfo|x64.ActiveCfg = RelWithDebInfo|x64
		{C0F6D2AF-9EA5-3E0E-BCAF-5117A2A35ABE}.RelWithDebInfo|x64.Build.0 = RelWithDebInfo|x64
		{93797C8A-7FEF-3028-B3E4-67E63F28C4E8}.Debug|x64.ActiveCfg = Debug|x64
		{93797C8A-7FEF-3028-B3E4-67E63F28C4E8}.Debug|x64.Build.0 = Debug|x64
		{93797C8A-7FEF-3028-B3E4-67E63F28C4E8}.Release|x64.ActiveCfg = Release|x64
		{93797C8A-7FEF-3028-B3E4-67E63F28C4E8}.Release|x64.Build.0 = Release|x64
		{93797C8A-7FEF-3028-B3E4-67E63F28C4E8}.MinSizeRel|x64.ActiveCfg = MinSizeRel|x64
		{93797C8A-7FEF-3028-B3E4-67E63F28C4E8}.MinSizeRel|x64.Build.0 = MinSizeRel|x64
		{93797C8A-7FEF-3028-B3E4-67E63F28C4E8}.RelWithDebInfo|x64.ActiveCfg = RelWithDebInfo|x64
		{93797C8A-7FEF-3028-B3E4-67E63F28C4E8}.RelWithDebInfo|x64.Build.0 = RelWithDebInfo|x64
		{6235ECD6-695E-3B1D-9E8C-E8CD32FF5DF1}.Debug|x64.ActiveCfg = Debug|x64
		{6235ECD6-695E-3B1D-9E8C-E8CD32FF5DF1}.Debug|x64.Build.0 = Debug|x64
		{6235ECD6-695E-3B1D-9E8C-E8CD32FF5DF1}.Release|x64.ActiveCfg = Release|x64
		{6235ECD6-695E-3B1D-9E8C-E8CD32FF5DF1}.Release|x64.Build.0 = Release|x64
		{6235ECD6-695E-3B1D-9E8C-E8CD32FF5DF1}.MinSizeRel|x64.ActiveCfg = MinSizeRel|x64
		{6235ECD6-695E-3B1D-9E8C-E8CD32FF5DF1}.MinSizeRel|x64.Build.0 = MinSizeRel|x64
		{6235ECD6-695E-3B1D-9E8C-E8CD32FF5DF1}.RelWithDebInfo|x64.ActiveCfg = RelWithDebInfo|x64
		{6235ECD6-695E-3B1D-9E8C-E8CD32FF5DF1}.RelWithDebInfo|x64.Build.0 = RelWithDebInfo|x64
		{FE3AF003-1939-3787-B887-99E725CD773D}.Debug|x64.ActiveCfg = Debug|x64
		{FE3AF003-1939-3787-B887-99E725CD773D}.Debug|x64.Build.0 = Debug|x64
		{FE3AF003-1939-3787-B887-99E725CD773D}.Release|x64.ActiveCfg = Release|x64
		{FE3AF003-1939-3787-B887-99E725CD773D}.Release|x64.Build.0 = Release|x64
		{FE3AF003-1939-3787-B887-99E725CD773D}.MinSizeRel|x64.ActiveCfg = MinSizeRel|x64
		{FE3AF003-1939-3787-B887-99E725CD773D}.MinSizeRel|x64.Build.0 = MinSizeRel|x64
		{FE3AF003-1939-3787-B887-99E725CD773D}.RelWithDebInfo|x64.ActiveCfg = RelWithDebInfo|x64
		{FE3AF003-1939-3787-B887-99E725CD773D}.RelWithDebInfo|x64.Build.0 = RelWithDebInfo|x64
		{F66C1972-3DEE-3F04-97A2-7B20AB39401D}.Debug|x64.ActiveCfg = Debug|x64
		{F66C1972-3DEE-3F04-97A2-7B20AB39401D}.Debug|x64.Build.0 = Debug|x64
		{F66C1972-3DEE-3F04-97A2-7B20AB39401D}.Release|x64.ActiveCfg = Release|x64
		{F66C1972-3DEE-3F04-97A2-7B20AB39401D}.Release|x64.Build.0 = Release|x64
		{F66C1972-3DEE-3F04-97A2-7B20AB39401D}.MinSizeRel|x64.ActiveCfg = MinSizeRel|x64
		{F66C1972-3DEE-3F04-97A2-7B20AB39401D}.MinSizeRel|x64.Build.0 = MinSizeRel|x64
		{F66C1972-3DEE-3F04-97A2-7B20AB39401D}.RelWithDebInfo|x64.ActiveCfg = RelWithDebInfo|x64
		{F66C1972-3DEE-3F04-97A2-7B20AB39401D}.RelWithDebInfo|x64.Build.0 = RelWithDebInfo|x64
		{C951DD6C-6F8C-3F1B-983F-D65B2BCDFB6F}.Debug|x64.ActiveCfg = Debug|x64
		{C951DD6C-6F8C-3F1B-983F-D65B2BCDFB6F}.Debug|x64.Build.0 = Debug|x64
		{C951DD6C-6F8C-3F1B-983F-D65B2BCDFB6F}.Release|x64.ActiveCfg = Release|x64
		{C951DD6C-6F8C-3F1B-983F-D65B2BCDFB6F}.Release|x64.Build.0 = Release|x64
		{C951DD6C-6F8C-3F1B-983F-D65B2BCDFB6F}.MinSizeRel|x64.ActiveCfg = MinSizeRel|x64
		{C951DD6C-6F8C-3F1B-983F-D65B2BCDFB6F}.MinSizeRel|x64.Build.0 = MinSizeRel|x64
		{C951DD6C-6F8C-3F1B-983F-D65B2BCDFB6F}.RelWithDebInfo|x64.ActiveCfg = RelWithDebInfo|x64
		{C951DD6C-6F8C-3F1B-983F-D65B2BCDFB6F}.RelWithDebInfo|x64.Build.0 = RelWithDebInfo|x64
		{641843AC-0B67-3AD0-BDCB-5B2DB3EFF663}.Debug|x64.ActiveCfg = Debug|x64
		{641843AC-0B67-3AD0-BDCB-5B2DB3EFF663}.Debug|x64.Build.0 = Debug|x64
		{641843AC-0B67-3AD0-BDCB-5B2DB3EFF663}.Release|x64.ActiveCfg = Release|x64
		{641843AC-0B67-3AD0-BDCB-5B2DB3EFF663}.Release|x64.Build.0 = Release|x64
		{641843AC-0B67-3AD0-BDCB-5B2DB3EFF663}.MinSizeRel|x64.ActiveCfg = MinSizeRel|x64
		{641843AC-0B67-3AD0-BDCB-5B2DB3EFF663}.MinSizeRel|x64.Build.0 = MinSizeRel|x64
		{641843AC-0B67-3AD0-BDCB-5B2DB3EFF663}.RelWithDebInfo|x64.ActiveCfg = RelWithDebInfo|x64
		{641843AC-0B67-3AD0-BDCB-5B2DB3EFF663}.RelWithDebInfo|x64.Build.0 = RelWithDebInfo|x64
		{8C5FF6D8-24AA-3553-B1A6-E77F3C083872}.Debug|x64.ActiveCfg = Debug|x64
		{8C5FF6D8-24AA-3553-B1A6-E77F3C083872}.Debug|x64.Build.0 = Debug|x64
		{8C5FF6D8-24AA-3553-B1A6-E77F3C083872}.Release|x64.ActiveCfg = Release|x64
		{8C5FF6D8-24AA-3553-B1A6-E77F3C083872}.Release|x64.Build.0 = Release|x64
		{8C5FF6D8-24AA-3553-B1A6-E77F3C083872}.MinSizeRel|x64.ActiveCfg = MinSizeRel|x64
		{8C5FF6D8-24AA-3553-B1A6-E77F3C083872}.MinSizeRel|x64.Build.0 = MinSizeRel|x64
		{8C5FF6D8-24AA-3553-B1A6-E77F3C083872}.RelWithDebInfo|x64.ActiveCfg = RelWithDebInfo|x64
		{8C5FF6D8-24AA-3553-B1A6-E77F3C083872}.RelWithDebInfo|x64.Build.0 = RelWithDebInfo|x64
		{2B68411C-346B-395C-B310-D28C81C09B2F}.Debug|x64.ActiveCfg = Debug|x64
		{2B68411C-346B-395C-B310-D28C81C09B2F}.Debug|x64.Build.0 = Debug|x64
		{2B68411C-346B-395C-B310-D28C81C09B2F}.Release|x64.ActiveCfg = Release|x64
		{2B68411C-346B-395C-B310-D28C81C09B2F}.Release|x64.Build.0 = Release|x64
		{2B68411C-346B-395C-B310-D28C81C09B2F}.MinSizeRel|x64.ActiveCfg = MinSizeRel|x64
		{2B68411C-346B-395C-B310-D28C81C09B2F}.MinSizeRel|x64.Build.0 = MinSizeRel|x64
		{2B68411C-346B-395C-B310-D28C81C09B2F}.RelWithDebInfo|x64.ActiveCfg = RelWithDebInfo|x64
		{2B68411C-346B-395C-B310-D28C81C09B2F}.RelWithDebInfo|x64.Build.0 = RelWithDebInfo|x64
		{CC1012CF-A574-3367-BB81-41D49A1BC094}.Debug|x64.ActiveCfg = Debug|x64
		{CC1012CF-A574-3367-BB81-41D49A1BC094}.Debug|x64.Build.0 = Debug|x64
		{CC1012CF-A574-3367-BB81-41D49A1BC094}.Release|x64.ActiveCfg = Release|x64
		{CC1012CF-A574-3367-BB81-41D49A1BC094}.Release|x64.Build.0 = Release|x64
		{CC1012CF-A574-3367-BB81-41D49A1BC094}.MinSizeRel|x64.ActiveCfg = MinSizeRel|x64
		{CC1012CF-A574-3367-BB81-41D49A1BC094}.MinSizeRel|x64.Build.0 = MinSizeRel|x64
		{CC1012CF-A574-3367-BB81-41D49A1BC094}.RelWithDebInfo|x64.ActiveCfg = RelWithDebInfo|x64
		{CC1012CF-A574-3367-BB81-41D49A1BC094}.RelWithDebInfo|x64.Build.0 = RelWithDebInfo|x64
		{03B67CC4-22E4-3D70-92FD-280FACAEC43C}.Debug|x64.ActiveCfg = Debug|x64
		{03B67CC4-22E4-3D70-92FD-280FACAEC43C}.Debug|x64.Build.0 = Debug|x64
		{03B67CC4-22E4-3D70-92FD-280FACAEC43C}.Release|x64.ActiveCfg = Release|x64
		{03B67CC4-22E4-3D70-92FD-280FACAEC43C}.Release|x64.Build.0 = Release|x64
		{03B67CC4-22E4-3D70-92FD-280FACAEC43C}.MinSizeRel|x64.ActiveCfg = MinSizeRel|x64
		{03B67CC4-22E4-3D70-92FD-280FACAEC43C}.MinSizeRel|x64.Build.0 = MinSizeRel|x64
		{03B67CC4-22E4-3D70-92FD-280FACAEC43C}.RelWithDebInfo|x64.ActiveCfg = RelWithDebInfo|x64
		{03B67CC4-22E4-3D70-92FD-280FACAEC43C}.RelWithDebInfo|x64.Build.0 = RelWithDebInfo|x64
		{8A1BD8BD-A0E4-3318-B8E1-6176B63DF275}.Debug|x64.ActiveCfg = Debug|x64
		{8A1BD8BD-A0E4-3318-B8E1-6176B63DF275}.Debug|x64.Build.0 = Debug|x64
		{8A1BD8BD-A0E4-3318-B8E1-6176B63DF275}.Release|x64.ActiveCfg = Release|x64
		{8A1BD8BD-A0E4-3318-B8E1-6176B63DF275}.Release|x64.Build.0 = Release|x64
		{8A1BD8BD-A0E4-3318-B8E1-6176B63DF275}.MinSizeRel|x64.ActiveCfg = MinSizeRel|x64
		{8A1BD8BD-A0E4-3318-B8E1-6176B63DF275}.MinSizeRel|x64.Build.0 = MinSizeRel|x64
		{8A1BD8BD-A0E4-3318-B8E1-6176B63DF275}.RelWithDebInfo|x64.ActiveCfg = RelWithDebInfo|x64
		{8A1BD8BD-A0E4-3318-B8E1-6176B63DF275}.RelWithDebInfo|x64.Build.0 = RelWithDebInfo|x64
		{F67D9DD4-F4FE-32C8-9623-A7168B0726F5}.Debug|x64.ActiveCfg = Debug|x64
		{F67D9DD4-F4FE-32C8-9623-A7168B0726F5}.Debug|x64.Build.0 = Debug|x64
		{F67D9DD4-F4FE-32C8-9623-A7168B0726F5}.Release|x64.ActiveCfg = Release|x64
		{F67D9DD4-F4FE-32C8-9623-A7168B0726F5}.Release|x64.Build.0 = Release|x64
		{F67D9DD4-F4FE-32C8-9623-A7168B0726F5}.MinSizeRel|x64.ActiveCfg = MinSizeRel|x64
		{F67D9DD4-F4FE-32C8-9623-A7168B0726F5}.MinSizeRel|x64.Build.0 = MinSizeRel|x64
		{F67D9DD4-F4FE-32C8-9623-A7168B0726F5}.RelWithDebInfo|x64.ActiveCfg = RelWithDebInfo|x64
		{F67D9DD4-F4FE-32C8-9623-A7168B0726F5}.RelWithDebInfo|x64.Build.0 = RelWithDebInfo|x64
		{AD69EDD9-4EE5-3B55-B97A-9B2582C32866}.Debug|x64.ActiveCfg = Debug|x64
		{AD69EDD9-4EE5-3B55-B97A-9B2582C32866}.Debug|x64.Build.0 = Debug|x64
		{AD69EDD9-4EE5-3B55-B97A-9B2582C32866}.Release|x64.ActiveCfg = Release|x64
		{AD69EDD9-4EE5-3B55-B97A-9B2582C32866}.Release|x64.Build.0 = Release|x64
		{AD69EDD9-4EE5-3B55-B97A-9B2582C32866}.MinSizeRel|x64.ActiveCfg = MinSizeRel|x64
		{AD69EDD9-4EE5-3B55-B97A-9B2582C32866}.MinSizeRel|x64.Build.0 = MinSizeRel|x64
		{AD69EDD9-4EE5-3B55-B97A-9B2582C32866}.RelWithDebInfo|x64.ActiveCfg = RelWithDebInfo|x64
		{AD69EDD9-4EE5-3B55-B97A-9B2582C32866}.RelWithDebInfo|x64.Build.0 = RelWithDebInfo|x64
		{33A81D2B-ABEF-36A8-8438-AE0E94A1FAD2}.Debug|x64.ActiveCfg = Debug|x64
		{33A81D2B-ABEF-36A8-8438-AE0E94A1FAD2}.Release|x64.ActiveCfg = Release|x64
		{33A81D2B-ABEF-36A8-8438-AE0E94A1FAD2}.MinSizeRel|x64.ActiveCfg = MinSizeRel|x64
		{33A81D2B-ABEF-36A8-8438-AE0E94A1FAD2}.RelWithDebInfo|x64.ActiveCfg = RelWithDebInfo|x64
		{D897049D-1783-3D1A-A9A9-D01A0E383E26}.Debug|x64.ActiveCfg = Debug|x64
		{D897049D-1783-3D1A-A9A9-D01A0E383E26}.Debug|x64.Build.0 = Debug|x64
		{D897049D-1783-3D1A-A9A9-D01A0E383E26}.Release|x64.ActiveCfg = Release|x64
		{D897049D-1783-3D1A-A9A9-D01A0E383E26}.Release|x64.Build.0 = Release|x64
		{D897049D-1783-3D1A-A9A9-D01A0E383E26}.MinSizeRel|x64.ActiveCfg = MinSizeRel|x64
		{D897049D-1783-3D1A-A9A9-D01A0E383E26}.MinSizeRel|x64.Build.0 = MinSizeRel|x64
		{D897049D-1783-3D1A-A9A9-D01A0E383E26}.RelWithDebInfo|x64.ActiveCfg = RelWithDebInfo|x64
		{D897049D-1783-3D1A-A9A9-D01A0E383E26}.RelWithDebInfo|x64.Build.0 = RelWithDebInfo|x64
		{C4FD1DDF-E580-33F5-B066-ABAE5B1DE3F2}.Debug|x64.ActiveCfg = Debug|x64
		{C4FD1DDF-E580-33F5-B066-ABAE5B1DE3F2}.Debug|x64.Build.0 = Debug|x64
		{C4FD1DDF-E580-33F5-B066-ABAE5B1DE3F2}.Release|x64.ActiveCfg = Release|x64
		{C4FD1DDF-E580-33F5-B066-ABAE5B1DE3F2}.Release|x64.Build.0 = Release|x64
		{C4FD1DDF-E580-33F5-B066-ABAE5B1DE3F2}.MinSizeRel|x64.ActiveCfg = MinSizeRel|x64
		{C4FD1DDF-E580-33F5-B066-ABAE5B1DE3F2}.MinSizeRel|x64.Build.0 = MinSizeRel|x64
		{C4FD1DDF-E580-33F5-B066-ABAE5B1DE3F2}.RelWithDebInfo|x64.ActiveCfg = RelWithDebInfo|x64
		{C4FD1DDF-E580-33F5-B066-ABAE5B1DE3F2}.RelWithDebInfo|x64.Build.0 = RelWithDebInfo|x64
		{5569ECC5-CD00-32A7-A0A6-AB069D41A547}.Debug|x64.ActiveCfg = Debug|x64
		{5569ECC5-CD00-32A7-A0A6-AB069D41A547}.Debug|x64.Build.0 = Debug|x64
		{5569ECC5-CD00-32A7-A0A6-AB069D41A547}.Release|x64.ActiveCfg = Release|x64
		{5569ECC5-CD00-32A7-A0A6-AB069D41A547}.Release|x64.Build.0 = Release|x64
		{5569ECC5-CD00-32A7-A0A6-AB069D41A547}.MinSizeRel|x64.ActiveCfg = MinSizeRel|x64
		{5569ECC5-CD00-32A7-A0A6-AB069D41A547}.MinSizeRel|x64.Build.0 = MinSizeRel|x64
		{5569ECC5-CD00-32A7-A0A6-AB069D41A547}.RelWithDebInfo|x64.ActiveCfg = RelWithDebInfo|x64
		{5569ECC5-CD00-32A7-A0A6-AB069D41A547}.RelWithDebInfo|x64.Build.0 = RelWithDebInfo|x64
	EndGlobalSection
	GlobalSection(NestedProjects) = preSolution
		{6F8970AE-5E86-3DDB-973E-C4571385F308} = {16BA39A5-BB6A-370A-95BB-C7A701E89ED6}
		{45305EAF-C841-3B33-B5B5-35958FFC6A5A} = {16BA39A5-BB6A-370A-95BB-C7A701E89ED6}
		{8D4C5E05-DC2F-300E-B17B-61AF00445669} = {16BA39A5-BB6A-370A-95BB-C7A701E89ED6}
		{7C8D2C54-A61F-31B5-91B1-D7462DF7473A} = {A150426B-0A6A-3F9B-9117-2265D131F07B}
		{A5A94C4B-AF1E-3C46-876F-3EDE938C5151} = {A150426B-0A6A-3F9B-9117-2265D131F07B}
		{33F1C372-A62C-3B21-8919-E561FA76A49E} = {A150426B-0A6A-3F9B-9117-2265D131F07B}
		{36734CDE-862E-3C86-867A-4F6E4A9B51DD} = {7C8D2C54-A61F-31B5-91B1-D7462DF7473A}
		{BF5A18CD-6801-3D0D-B01E-897816179767} = {7C8D2C54-A61F-31B5-91B1-D7462DF7473A}
		{93797C8A-7FEF-3028-B3E4-67E63F28C4E8} = {7C8D2C54-A61F-31B5-91B1-D7462DF7473A}
		{641843AC-0B67-3AD0-BDCB-5B2DB3EFF663} = {7C8D2C54-A61F-31B5-91B1-D7462DF7473A}
		{CC1012CF-A574-3367-BB81-41D49A1BC094} = {7C8D2C54-A61F-31B5-91B1-D7462DF7473A}
		{03B67CC4-22E4-3D70-92FD-280FACAEC43C} = {7C8D2C54-A61F-31B5-91B1-D7462DF7473A}
		{D897049D-1783-3D1A-A9A9-D01A0E383E26} = {7C8D2C54-A61F-31B5-91B1-D7462DF7473A}
		{9815474C-DF52-330F-9C75-FDCF03EE4E8A} = {A5A94C4B-AF1E-3C46-876F-3EDE938C5151}
		{3183D0E4-F9C9-33B3-83DC-388CE92807F2} = {A5A94C4B-AF1E-3C46-876F-3EDE938C5151}
		{6F884ED2-C6C3-3312-B45B-179F8AE581B6} = {A5A94C4B-AF1E-3C46-876F-3EDE938C5151}
		{5C3705E5-0EEB-38B2-87CD-BA73F849C180} = {A5A94C4B-AF1E-3C46-876F-3EDE938C5151}
		{1AA67142-B32E-3343-AF32-33AA730D6551} = {A5A94C4B-AF1E-3C46-876F-3EDE938C5151}
		{C0F6D2AF-9EA5-3E0E-BCAF-5117A2A35ABE} = {A5A94C4B-AF1E-3C46-876F-3EDE938C5151}
		{6235ECD6-695E-3B1D-9E8C-E8CD32FF5DF1} = {A5A94C4B-AF1E-3C46-876F-3EDE938C5151}
		{FE3AF003-1939-3787-B887-99E725CD773D} = {A5A94C4B-AF1E-3C46-876F-3EDE938C5151}
		{F66C1972-3DEE-3F04-97A2-7B20AB39401D} = {A5A94C4B-AF1E-3C46-876F-3EDE938C5151}
		{C951DD6C-6F8C-3F1B-983F-D65B2BCDFB6F} = {A5A94C4B-AF1E-3C46-876F-3EDE938C5151}
		{8C5FF6D8-24AA-3553-B1A6-E77F3C083872} = {A5A94C4B-AF1E-3C46-876F-3EDE938C5151}
		{2B68411C-346B-395C-B310-D28C81C09B2F} = {A5A94C4B-AF1E-3C46-876F-3EDE938C5151}
		{8A1BD8BD-A0E4-3318-B8E1-6176B63DF275} = {A5A94C4B-AF1E-3C46-876F-3EDE938C5151}
		{F67D9DD4-F4FE-32C8-9623-A7168B0726F5} = {A5A94C4B-AF1E-3C46-876F-3EDE938C5151}
		{AD69EDD9-4EE5-3B55-B97A-9B2582C32866} = {A5A94C4B-AF1E-3C46-876F-3EDE938C5151}
		{C4FD1DDF-E580-33F5-B066-ABAE5B1DE3F2} = {A5A94C4B-AF1E-3C46-876F-3EDE938C5151}
	EndGlobalSection
	GlobalSection(ExtensibilityGlobals) = postSolution
		SolutionGuid = {F19A3518-986A-3A2D-A307-3A821768E179}
	EndGlobalSection
	GlobalSection(ExtensibilityAddIns) = postSolution
	EndGlobalSection
EndGlobal
